{
  "object": {
    "pins": [
      {
        "package": "NewsTickerLabel",
        "repositoryURL": "https://github.com/yusif-projects/NewsTickerLabel",
        "state": {
          "branch": null,
          "revision": "b759d438cb9b6d558c496d90a3e3acff18595ed8",
          "version": "1.0.0"
        }
      }
    ]
  },
  "version": 1
}
